
Microsoft Visual Studio Solution File, Format Version 12.00
# Visual Studio Version 16
VisualStudioVersion = 16.0.30225.117
MinimumVisualStudioVersion = 10.0.40219.1
Project("{FAE04EC0-301F-11D3-BF4B-00C04F79EFBC}") = "PermissionRequestApp", "PermissionRequestApp\PermissionRequestApp.csproj", "{3129AFE6-22A3-4412-96B2-A9ED39BDE6BD}"
EndProject
Global
	GlobalSection(SolutionConfigurationPlatforms) = preSolution
		Debug|Any CPU = Debug|Any CPU
		Release|Any CPU = Release|Any CPU
	EndGlobalSection
	GlobalSection(ProjectConfigurationPlatforms) = postSolution
		{3129AFE6-22A3-4412-96B2-A9ED39BDE6BD}.Debug|Any CPU.ActiveCfg = Debug|Any CPU
		{3129AFE6-22A3-4412-96B2-A9ED39BDE6BD}.Debug|Any CPU.Build.0 = Debug|Any CPU
		{3129AFE6-22A3-4412-96B2-A9ED39BDE6BD}.Release|Any CPU.ActiveCfg = Release|Any CPU
		{3129AFE6-22A3-4412-96B2-A9ED39BDE6BD}.Release|Any CPU.Build.0 = Release|Any CPU
	EndGlobalSection
	GlobalSection(SolutionProperties) = preSolution
		HideSolutionNode = FALSE
	EndGlobalSection
	GlobalSection(ExtensibilityGlobals) = postSolution
		SolutionGuid = {56C71EB8-E5A2-49D8-87D9-1C89F2030097}
	EndGlobalSection
EndGlobal
